
Microsoft Visual Studio Solution File, Format Version 12.00
# Visual Studio Version 16
VisualStudioVersion = 16.0.29911.84
MinimumVisualStudioVersion = 10.0.40219.1
Project("{FAE04EC0-301F-11D3-BF4B-00C04F79EFBC}") = "Generics", "Generics.csproj", "{3BE0C40D-4AA2-4911-BB71-C6550567F0BC}"
EndProject
Global
	GlobalSection(SolutionConfigurationPlatforms) = preSolution
		Debug|Any CPU = Debug|Any CPU
		Release|Any CPU = Release|Any CPU
	EndGlobalSection
	GlobalSection(ProjectConfigurationPlatforms) = postSolution
		{3BE0C40D-4AA2-4911-BB71-C6550567F0BC}.Debug|Any CPU.ActiveCfg = Debug|Any CPU
		{3BE0C40D-4AA2-4911-BB71-C6550567F0BC}.Debug|Any CPU.Build.0 = Debug|Any CPU
		{3BE0C40D-4AA2-4911-BB71-C6550567F0BC}.Release|Any CPU.ActiveCfg = Release|Any CPU
		{3BE0C40D-4AA2-4911-BB71-C6550567F0BC}.Release|Any CPU.Build.0 = Release|Any CPU
	EndGlobalSection
	GlobalSection(SolutionProperties) = preSolution
		HideSolutionNode = FALSE
	EndGlobalSection
	GlobalSection(ExtensibilityGlobals) = postSolution
		SolutionGuid = {112FB183-69FE-4EE4-93BA-451EC850E5E7}
	EndGlobalSection
EndGlobal
