
Microsoft Visual Studio Solution File, Format Version 12.00
# Visual Studio Version 16
VisualStudioVersion = 16.0.29806.167
MinimumVisualStudioVersion = 10.0.40219.1
Project("{FAE04EC0-301F-11D3-BF4B-00C04F79EFBC}") = "Testing", "Testing.csproj", "{6E865746-0B09-4084-BE21-F8666724AC86}"
EndProject
Global
	GlobalSection(SolutionConfigurationPlatforms) = preSolution
		Debug|Any CPU = Debug|Any CPU
		Release|Any CPU = Release|Any CPU
	EndGlobalSection
	GlobalSection(ProjectConfigurationPlatforms) = postSolution
		{6E865746-0B09-4084-BE21-F8666724AC86}.Debug|Any CPU.ActiveCfg = Debug|Any CPU
		{6E865746-0B09-4084-BE21-F8666724AC86}.Debug|Any CPU.Build.0 = Debug|Any CPU
		{6E865746-0B09-4084-BE21-F8666724AC86}.Release|Any CPU.ActiveCfg = Release|Any CPU
		{6E865746-0B09-4084-BE21-F8666724AC86}.Release|Any CPU.Build.0 = Release|Any CPU
	EndGlobalSection
	GlobalSection(SolutionProperties) = preSolution
		HideSolutionNode = FALSE
	EndGlobalSection
	GlobalSection(ExtensibilityGlobals) = postSolution
		SolutionGuid = {271F0CB1-35E8-4603-AEDC-FCD5F68C8025}
	EndGlobalSection
EndGlobal
