
Microsoft Visual Studio Solution File, Format Version 12.00
# Visual Studio Version 16
VisualStudioVersion = 16.0.29728.190
MinimumVisualStudioVersion = 10.0.40219.1
Project("{FAE04EC0-301F-11D3-BF4B-00C04F79EFBC}") = "OOP2", "OOP2\OOP2.csproj", "{2F8B069A-20A5-4889-ABFB-9526F6351DF4}"
EndProject
Global
	GlobalSection(SolutionConfigurationPlatforms) = preSolution
		Debug|Any CPU = Debug|Any CPU
		Release|Any CPU = Release|Any CPU
	EndGlobalSection
	GlobalSection(ProjectConfigurationPlatforms) = postSolution
		{2F8B069A-20A5-4889-ABFB-9526F6351DF4}.Debug|Any CPU.ActiveCfg = Debug|Any CPU
		{2F8B069A-20A5-4889-ABFB-9526F6351DF4}.Debug|Any CPU.Build.0 = Debug|Any CPU
		{2F8B069A-20A5-4889-ABFB-9526F6351DF4}.Release|Any CPU.ActiveCfg = Release|Any CPU
		{2F8B069A-20A5-4889-ABFB-9526F6351DF4}.Release|Any CPU.Build.0 = Release|Any CPU
	EndGlobalSection
	GlobalSection(SolutionProperties) = preSolution
		HideSolutionNode = FALSE
	EndGlobalSection
	GlobalSection(ExtensibilityGlobals) = postSolution
		SolutionGuid = {9FF5FF46-0F76-4999-908D-D31BBA73F5D1}
	EndGlobalSection
EndGlobal
